
Microsoft Visual Studio Solution File, Format Version 12.00
# Visual Studio 15
VisualStudioVersion = 15.0.28307.168
MinimumVisualStudioVersion = 10.0.40219.1
Project("{FAE04EC0-301F-11D3-BF4B-00C04F79EFBC}") = "YATE", "YATE.csproj", "{E495FCF3-BBEF-4E3B-A803-F023986E0BCE}"
	ProjectSection(ProjectDependencies) = postProject
		{F0948A02-8DF0-4C00-8957-5CF81E9F9E3E} = {F0948A02-8DF0-4C00-8957-5CF81E9F9E3E}
		{DB889375-3AF0-475C-9675-4FC9D84C1BA4} = {DB889375-3AF0-475C-9675-4FC9D84C1BA4}
		{90056B96-20F6-4E25-8705-D30186AC44C6} = {90056B96-20F6-4E25-8705-D30186AC44C6}
		{BA3CEEA4-04F7-4D46-B2CB-2713088A2F21} = {BA3CEEA4-04F7-4D46-B2CB-2713088A2F21}
		{9868E2AC-2134-42DE-869D-37F1A21BD5E1} = {9868E2AC-2134-42DE-869D-37F1A21BD5E1}
		{5C625BEE-AE33-4523-82C1-BCE42462C37C} = {5C625BEE-AE33-4523-82C1-BCE42462C37C}
	EndProjectSection
EndProject
Project("{FAE04EC0-301F-11D3-BF4B-00C04F79EFBC}") = "DarkSkin", "Skins\DarkSkin\DarkSkin.csproj", "{D18C8DA5-F4ED-4774-A9EB-294CBE8AC340}"
EndProject
Project("{FAE04EC0-301F-11D3-BF4B-00C04F79EFBC}") = "CustomControls", "CustomControls\CustomControls.csproj", "{80E3ED28-C8AE-4B73-9941-95CCA882470E}"
EndProject
Project("{2150E333-8FDC-42A3-9474-1A3956D46DE8}") = "Expansions", "Expansions", "{667E1C86-32A4-4D49-8EF6-ADA2DCBCF692}"
EndProject
Project("{2150E333-8FDC-42A3-9474-1A3956D46DE8}") = "MultiCart", "MultiCart", "{3DEE6DDA-8B03-4E62-8CF0-F17903A88BFF}"
EndProject
Project("{FAE04EC0-301F-11D3-BF4B-00C04F79EFBC}") = "MultiCart", "Expansions\MultiCart\MultiCart.csproj", "{F0948A02-8DF0-4C00-8957-5CF81E9F9E3E}"
EndProject
Project("{2150E333-8FDC-42A3-9474-1A3956D46DE8}") = "HBF", "HBF", "{5F59E72C-3DB2-4D67-9275-739C9F5280F8}"
EndProject
Project("{FAE04EC0-301F-11D3-BF4B-00C04F79EFBC}") = "HBF", "Expansions\HBF\HBF.csproj", "{9868E2AC-2134-42DE-869D-37F1A21BD5E1}"
EndProject
Project("{2150E333-8FDC-42A3-9474-1A3956D46DE8}") = "HBS", "HBS", "{C3F6EA29-A2B4-4746-912E-2EE862C48541}"
EndProject
Project("{2150E333-8FDC-42A3-9474-1A3956D46DE8}") = "Quartet", "Quartet", "{9888AB6B-6C51-43B2-90EE-EC418A50B1A3}"
EndProject
Project("{2150E333-8FDC-42A3-9474-1A3956D46DE8}") = "SoundMagic", "SoundMagic", "{AAF28066-0E8E-425F-A4EF-689DDCE08C3D}"
EndProject
Project("{FAE04EC0-301F-11D3-BF4B-00C04F79EFBC}") = "HBS", "Expansions\HBS\HBS.csproj", "{DB889375-3AF0-475C-9675-4FC9D84C1BA4}"
EndProject
Project("{2150E333-8FDC-42A3-9474-1A3956D46DE8}") = "HBE", "HBE", "{00E5B01A-D4DD-4DBD-BB8C-124FF191C7CC}"
EndProject
Project("{FAE04EC0-301F-11D3-BF4B-00C04F79EFBC}") = "HBE", "Expansions\HBE\HBE.csproj", "{5C625BEE-AE33-4523-82C1-BCE42462C37C}"
EndProject
Project("{2150E333-8FDC-42A3-9474-1A3956D46DE8}") = "HBM", "HBM", "{8A5A6A6E-6CC0-411F-8DD1-E0A262C38C8C}"
EndProject
Project("{FAE04EC0-301F-11D3-BF4B-00C04F79EFBC}") = "HBM", "Expansions\HBM\HBM.csproj", "{90056B96-20F6-4E25-8705-D30186AC44C6}"
EndProject
Project("{FAE04EC0-301F-11D3-BF4B-00C04F79EFBC}") = "YATECommon", "YATECommon\YATECommon.csproj", "{980E3F3E-48C7-4EAD-A731-6A2E1856366E}"
EndProject
Project("{2150E333-8FDC-42A3-9474-1A3956D46DE8}") = "SAA1099", "SAA1099", "{F5D082C7-46FC-4612-8436-9ACD53132547}"
EndProject
Project("{FAE04EC0-301F-11D3-BF4B-00C04F79EFBC}") = "SAA1099", "Expansions\SAA1099\SAA1099.csproj", "{BA3CEEA4-04F7-4D46-B2CB-2713088A2F21}"
EndProject
Global
	GlobalSection(SolutionConfigurationPlatforms) = preSolution
		Debug|Any CPU = Debug|Any CPU
		Debug|x86 = Debug|x86
		Release|Any CPU = Release|Any CPU
		Release|x86 = Release|x86
	EndGlobalSection
	GlobalSection(ProjectConfigurationPlatforms) = postSolution
		{E495FCF3-BBEF-4E3B-A803-F023986E0BCE}.Debug|Any CPU.ActiveCfg = Debug|Any CPU
		{E495FCF3-BBEF-4E3B-A803-F023986E0BCE}.Debug|Any CPU.Build.0 = Debug|Any CPU
		{E495FCF3-BBEF-4E3B-A803-F023986E0BCE}.Debug|x86.ActiveCfg = Debug|Any CPU
		{E495FCF3-BBEF-4E3B-A803-F023986E0BCE}.Debug|x86.Build.0 = Debug|Any CPU
		{E495FCF3-BBEF-4E3B-A803-F023986E0BCE}.Release|Any CPU.ActiveCfg = Release|Any CPU
		{E495FCF3-BBEF-4E3B-A803-F023986E0BCE}.Release|Any CPU.Build.0 = Release|Any CPU
		{E495FCF3-BBEF-4E3B-A803-F023986E0BCE}.Release|x86.ActiveCfg = Release|Any CPU
		{E495FCF3-BBEF-4E3B-A803-F023986E0BCE}.Release|x86.Build.0 = Release|Any CPU
		{D18C8DA5-F4ED-4774-A9EB-294CBE8AC340}.Debug|Any CPU.ActiveCfg = Debug|Any CPU
		{D18C8DA5-F4ED-4774-A9EB-294CBE8AC340}.Debug|Any CPU.Build.0 = Debug|Any CPU
		{D18C8DA5-F4ED-4774-A9EB-294CBE8AC340}.Debug|x86.ActiveCfg = Debug|x86
		{D18C8DA5-F4ED-4774-A9EB-294CBE8AC340}.Debug|x86.Build.0 = Debug|x86
		{D18C8DA5-F4ED-4774-A9EB-294CBE8AC340}.Release|Any CPU.ActiveCfg = Release|Any CPU
		{D18C8DA5-F4ED-4774-A9EB-294CBE8AC340}.Release|Any CPU.Build.0 = Release|Any CPU
		{D18C8DA5-F4ED-4774-A9EB-294CBE8AC340}.Release|x86.ActiveCfg = Release|x86
		{D18C8DA5-F4ED-4774-A9EB-294CBE8AC340}.Release|x86.Build.0 = Release|x86
		{80E3ED28-C8AE-4B73-9941-95CCA882470E}.Debug|Any CPU.ActiveCfg = Debug|Any CPU
		{80E3ED28-C8AE-4B73-9941-95CCA882470E}.Debug|Any CPU.Build.0 = Debug|Any CPU
		{80E3ED28-C8AE-4B73-9941-95CCA882470E}.Debug|x86.ActiveCfg = Debug|Any CPU
		{80E3ED28-C8AE-4B73-9941-95CCA882470E}.Debug|x86.Build.0 = Debug|Any CPU
		{80E3ED28-C8AE-4B73-9941-95CCA882470E}.Release|Any CPU.ActiveCfg = Release|Any CPU
		{80E3ED28-C8AE-4B73-9941-95CCA882470E}.Release|Any CPU.Build.0 = Release|Any CPU
		{80E3ED28-C8AE-4B73-9941-95CCA882470E}.Release|x86.ActiveCfg = Release|Any CPU
		{80E3ED28-C8AE-4B73-9941-95CCA882470E}.Release|x86.Build.0 = Release|Any CPU
		{F0948A02-8DF0-4C00-8957-5CF81E9F9E3E}.Debug|Any CPU.ActiveCfg = Debug|Any CPU
		{F0948A02-8DF0-4C00-8957-5CF81E9F9E3E}.Debug|Any CPU.Build.0 = Debug|Any CPU
		{F0948A02-8DF0-4C00-8957-5CF81E9F9E3E}.Debug|x86.ActiveCfg = Debug|Any CPU
		{F0948A02-8DF0-4C00-8957-5CF81E9F9E3E}.Debug|x86.Build.0 = Debug|Any CPU
		{F0948A02-8DF0-4C00-8957-5CF81E9F9E3E}.Release|Any CPU.ActiveCfg = Release|Any CPU
		{F0948A02-8DF0-4C00-8957-5CF81E9F9E3E}.Release|Any CPU.Build.0 = Release|Any CPU
		{F0948A02-8DF0-4C00-8957-5CF81E9F9E3E}.Release|x86.ActiveCfg = Release|Any CPU
		{F0948A02-8DF0-4C00-8957-5CF81E9F9E3E}.Release|x86.Build.0 = Release|Any CPU
		{9868E2AC-2134-42DE-869D-37F1A21BD5E1}.Debug|Any CPU.ActiveCfg = Debug|Any CPU
		{9868E2AC-2134-42DE-869D-37F1A21BD5E1}.Debug|Any CPU.Build.0 = Debug|Any CPU
		{9868E2AC-2134-42DE-869D-37F1A21BD5E1}.Debug|x86.ActiveCfg = Debug|Any CPU
		{9868E2AC-2134-42DE-869D-37F1A21BD5E1}.Debug|x86.Build.0 = Debug|Any CPU
		{9868E2AC-2134-42DE-869D-37F1A21BD5E1}.Release|Any CPU.ActiveCfg = Release|Any CPU
		{9868E2AC-2134-42DE-869D-37F1A21BD5E1}.Release|Any CPU.Build.0 = Release|Any CPU
		{9868E2AC-2134-42DE-869D-37F1A21BD5E1}.Release|x86.ActiveCfg = Release|Any CPU
		{9868E2AC-2134-42DE-869D-37F1A21BD5E1}.Release|x86.Build.0 = Release|Any CPU
		{DB889375-3AF0-475C-9675-4FC9D84C1BA4}.Debug|Any CPU.ActiveCfg = Debug|Any CPU
		{DB889375-3AF0-475C-9675-4FC9D84C1BA4}.Debug|Any CPU.Build.0 = Debug|Any CPU
		{DB889375-3AF0-475C-9675-4FC9D84C1BA4}.Debug|x86.ActiveCfg = Debug|Any CPU
		{DB889375-3AF0-475C-9675-4FC9D84C1BA4}.Debug|x86.Build.0 = Debug|Any CPU
		{DB889375-3AF0-475C-9675-4FC9D84C1BA4}.Release|Any CPU.ActiveCfg = Release|Any CPU
		{DB889375-3AF0-475C-9675-4FC9D84C1BA4}.Release|Any CPU.Build.0 = Release|Any CPU
		{DB889375-3AF0-475C-9675-4FC9D84C1BA4}.Release|x86.ActiveCfg = Release|Any CPU
		{DB889375-3AF0-475C-9675-4FC9D84C1BA4}.Release|x86.Build.0 = Release|Any CPU
		{5C625BEE-AE33-4523-82C1-BCE42462C37C}.Debug|Any CPU.ActiveCfg = Debug|Any CPU
		{5C625BEE-AE33-4523-82C1-BCE42462C37C}.Debug|Any CPU.Build.0 = Debug|Any CPU
		{5C625BEE-AE33-4523-82C1-BCE42462C37C}.Debug|x86.ActiveCfg = Debug|Any CPU
		{5C625BEE-AE33-4523-82C1-BCE42462C37C}.Debug|x86.Build.0 = Debug|Any CPU
		{5C625BEE-AE33-4523-82C1-BCE42462C37C}.Release|Any CPU.ActiveCfg = Release|Any CPU
		{5C625BEE-AE33-4523-82C1-BCE42462C37C}.Release|Any CPU.Build.0 = Release|Any CPU
		{5C625BEE-AE33-4523-82C1-BCE42462C37C}.Release|x86.ActiveCfg = Release|Any CPU
		{5C625BEE-AE33-4523-82C1-BCE42462C37C}.Release|x86.Build.0 = Release|Any CPU
		{90056B96-20F6-4E25-8705-D30186AC44C6}.Debug|Any CPU.ActiveCfg = Debug|Any CPU
		{90056B96-20F6-4E25-8705-D30186AC44C6}.Debug|Any CPU.Build.0 = Debug|Any CPU
		{90056B96-20F6-4E25-8705-D30186AC44C6}.Debug|x86.ActiveCfg = Debug|Any CPU
		{90056B96-20F6-4E25-8705-D30186AC44C6}.Debug|x86.Build.0 = Debug|Any CPU
		{90056B96-20F6-4E25-8705-D30186AC44C6}.Release|Any CPU.ActiveCfg = Release|Any CPU
		{90056B96-20F6-4E25-8705-D30186AC44C6}.Release|Any CPU.Build.0 = Release|Any CPU
		{90056B96-20F6-4E25-8705-D30186AC44C6}.Release|x86.ActiveCfg = Release|Any CPU
		{90056B96-20F6-4E25-8705-D30186AC44C6}.Release|x86.Build.0 = Release|Any CPU
		{980E3F3E-48C7-4EAD-A731-6A2E1856366E}.Debug|Any CPU.ActiveCfg = Debug|Any CPU
		{980E3F3E-48C7-4EAD-A731-6A2E1856366E}.Debug|Any CPU.Build.0 = Debug|Any CPU
		{980E3F3E-48C7-4EAD-A731-6A2E1856366E}.Debug|x86.ActiveCfg = Debug|Any CPU
		{980E3F3E-48C7-4EAD-A731-6A2E1856366E}.Debug|x86.Build.0 = Debug|Any CPU
		{980E3F3E-48C7-4EAD-A731-6A2E1856366E}.Release|Any CPU.ActiveCfg = Release|Any CPU
		{980E3F3E-48C7-4EAD-A731-6A2E1856366E}.Release|Any CPU.Build.0 = Release|Any CPU
		{980E3F3E-48C7-4EAD-A731-6A2E1856366E}.Release|x86.ActiveCfg = Release|Any CPU
		{980E3F3E-48C7-4EAD-A731-6A2E1856366E}.Release|x86.Build.0 = Release|Any CPU
		{BA3CEEA4-04F7-4D46-B2CB-2713088A2F21}.Debug|Any CPU.ActiveCfg = Debug|Any CPU
		{BA3CEEA4-04F7-4D46-B2CB-2713088A2F21}.Debug|Any CPU.Build.0 = Debug|Any CPU
		{BA3CEEA4-04F7-4D46-B2CB-2713088A2F21}.Debug|x86.ActiveCfg = Debug|Any CPU
		{BA3CEEA4-04F7-4D46-B2CB-2713088A2F21}.Debug|x86.Build.0 = Debug|Any CPU
		{BA3CEEA4-04F7-4D46-B2CB-2713088A2F21}.Release|Any CPU.ActiveCfg = Release|Any CPU
		{BA3CEEA4-04F7-4D46-B2CB-2713088A2F21}.Release|Any CPU.Build.0 = Release|Any CPU
		{BA3CEEA4-04F7-4D46-B2CB-2713088A2F21}.Release|x86.ActiveCfg = Release|Any CPU
		{BA3CEEA4-04F7-4D46-B2CB-2713088A2F21}.Release|x86.Build.0 = Release|Any CPU
	EndGlobalSection
	GlobalSection(SolutionProperties) = preSolution
		HideSolutionNode = FALSE
	EndGlobalSection
	GlobalSection(NestedProjects) = preSolution
		{3DEE6DDA-8B03-4E62-8CF0-F17903A88BFF} = {667E1C86-32A4-4D49-8EF6-ADA2DCBCF692}
		{F0948A02-8DF0-4C00-8957-5CF81E9F9E3E} = {3DEE6DDA-8B03-4E62-8CF0-F17903A88BFF}
		{5F59E72C-3DB2-4D67-9275-739C9F5280F8} = {667E1C86-32A4-4D49-8EF6-ADA2DCBCF692}
		{9868E2AC-2134-42DE-869D-37F1A21BD5E1} = {5F59E72C-3DB2-4D67-9275-739C9F5280F8}
		{C3F6EA29-A2B4-4746-912E-2EE862C48541} = {667E1C86-32A4-4D49-8EF6-ADA2DCBCF692}
		{9888AB6B-6C51-43B2-90EE-EC418A50B1A3} = {667E1C86-32A4-4D49-8EF6-ADA2DCBCF692}
		{AAF28066-0E8E-425F-A4EF-689DDCE08C3D} = {667E1C86-32A4-4D49-8EF6-ADA2DCBCF692}
		{DB889375-3AF0-475C-9675-4FC9D84C1BA4} = {C3F6EA29-A2B4-4746-912E-2EE862C48541}
		{00E5B01A-D4DD-4DBD-BB8C-124FF191C7CC} = {667E1C86-32A4-4D49-8EF6-ADA2DCBCF692}
		{5C625BEE-AE33-4523-82C1-BCE42462C37C} = {00E5B01A-D4DD-4DBD-BB8C-124FF191C7CC}
		{8A5A6A6E-6CC0-411F-8DD1-E0A262C38C8C} = {667E1C86-32A4-4D49-8EF6-ADA2DCBCF692}
		{90056B96-20F6-4E25-8705-D30186AC44C6} = {8A5A6A6E-6CC0-411F-8DD1-E0A262C38C8C}
		{F5D082C7-46FC-4612-8436-9ACD53132547} = {667E1C86-32A4-4D49-8EF6-ADA2DCBCF692}
		{BA3CEEA4-04F7-4D46-B2CB-2713088A2F21} = {F5D082C7-46FC-4612-8436-9ACD53132547}
	EndGlobalSection
	GlobalSection(ExtensibilityGlobals) = postSolution
		SolutionGuid = {B5C7E185-C1A3-48FC-8E27-9426C98B7BA8}
	EndGlobalSection
EndGlobal
